
Microsoft Visual Studio Solution File, Format Version 12.00
# Visual Studio 2012
Project("{FAE04EC0-301F-11D3-BF4B-00C04F79EFBC}") = "BoltOn", "BoltOn.csproj", "{5F868378-090A-4CD3-A8B9-6C6AFA1E8CE3}"
EndProject
Project("{FAE04EC0-301F-11D3-BF4B-00C04F79EFBC}") = "BoltOn.IoC.NetStandard", "..\BoltOn.IoC.NetStandard\BoltOn.IoC.NetStandard.csproj", "{8FDA7F67-E516-4A7F-A8C9-AC771A483B33}"
EndProject
Project("{FAE04EC0-301F-11D3-BF4B-00C04F79EFBC}") = "BoltOn.IoC.SimpleInjector", "..\BoltOn.IoC.SimpleInjector\BoltOn.IoC.SimpleInjector.csproj", "{8793FA6D-C4F5-43A6-82CD-C5FDE7947447}"
EndProject
Project("{FAE04EC0-301F-11D3-BF4B-00C04F79EFBC}") = "BoltOn.Logging.NetStandard", "..\BoltOn.Logging.NetStandard\BoltOn.Logging.NetStandard.csproj", "{7834D3ED-381B-46D3-B73C-BA14A7D55BFE}"
EndProject
Project("{FAE04EC0-301F-11D3-BF4B-00C04F79EFBC}") = "BoltOn.Logging.NLog", "..\BoltOn.Logging.NLog\BoltOn.Logging.NLog.csproj", "{6CCD9266-8EEE-4E96-BC19-FD060BAFE36F}"
EndProject
Global
	GlobalSection(SolutionConfigurationPlatforms) = preSolution
		Debug|Any CPU = Debug|Any CPU
		Release|Any CPU = Release|Any CPU
	EndGlobalSection
	GlobalSection(ProjectConfigurationPlatforms) = postSolution
		{5F868378-090A-4CD3-A8B9-6C6AFA1E8CE3}.Debug|Any CPU.ActiveCfg = Debug|Any CPU
		{5F868378-090A-4CD3-A8B9-6C6AFA1E8CE3}.Debug|Any CPU.Build.0 = Debug|Any CPU
		{5F868378-090A-4CD3-A8B9-6C6AFA1E8CE3}.Release|Any CPU.ActiveCfg = Release|Any CPU
		{5F868378-090A-4CD3-A8B9-6C6AFA1E8CE3}.Release|Any CPU.Build.0 = Release|Any CPU
		{8FDA7F67-E516-4A7F-A8C9-AC771A483B33}.Debug|Any CPU.ActiveCfg = Debug|Any CPU
		{8FDA7F67-E516-4A7F-A8C9-AC771A483B33}.Debug|Any CPU.Build.0 = Debug|Any CPU
		{8FDA7F67-E516-4A7F-A8C9-AC771A483B33}.Release|Any CPU.ActiveCfg = Release|Any CPU
		{8FDA7F67-E516-4A7F-A8C9-AC771A483B33}.Release|Any CPU.Build.0 = Release|Any CPU
		{8793FA6D-C4F5-43A6-82CD-C5FDE7947447}.Debug|Any CPU.ActiveCfg = Debug|Any CPU
		{8793FA6D-C4F5-43A6-82CD-C5FDE7947447}.Debug|Any CPU.Build.0 = Debug|Any CPU
		{8793FA6D-C4F5-43A6-82CD-C5FDE7947447}.Release|Any CPU.ActiveCfg = Release|Any CPU
		{8793FA6D-C4F5-43A6-82CD-C5FDE7947447}.Release|Any CPU.Build.0 = Release|Any CPU
		{7834D3ED-381B-46D3-B73C-BA14A7D55BFE}.Debug|Any CPU.ActiveCfg = Debug|Any CPU
		{7834D3ED-381B-46D3-B73C-BA14A7D55BFE}.Debug|Any CPU.Build.0 = Debug|Any CPU
		{7834D3ED-381B-46D3-B73C-BA14A7D55BFE}.Release|Any CPU.ActiveCfg = Release|Any CPU
		{7834D3ED-381B-46D3-B73C-BA14A7D55BFE}.Release|Any CPU.Build.0 = Release|Any CPU
		{6CCD9266-8EEE-4E96-BC19-FD060BAFE36F}.Debug|Any CPU.ActiveCfg = Debug|Any CPU
		{6CCD9266-8EEE-4E96-BC19-FD060BAFE36F}.Debug|Any CPU.Build.0 = Debug|Any CPU
		{6CCD9266-8EEE-4E96-BC19-FD060BAFE36F}.Release|Any CPU.ActiveCfg = Release|Any CPU
		{6CCD9266-8EEE-4E96-BC19-FD060BAFE36F}.Release|Any CPU.Build.0 = Release|Any CPU
	EndGlobalSection
	GlobalSection(MonoDevelopProperties) = preSolution
		BaseDirectory = .
	EndGlobalSection
EndGlobal
