Microsoft Visual Studio Solution File, Format Version 12.00
# Visual Studio 15
VisualStudioVersion = 15.0.27703.2035
MinimumVisualStudioVersion = 10.0.40219.1
Project("{2150E333-8FDC-42A3-9474-1A3956D46DE8}") = "src", "src", "{CF6C3199-B58A-4FB2-8E69-4E27B3A7BA29}"
EndProject
Project("{2150E333-8FDC-42A3-9474-1A3956D46DE8}") = "tests", "tests", "{C751203D-F070-44BC-88D6-C1687D30470F}"
EndProject
Project("{2150E333-8FDC-42A3-9474-1A3956D46DE8}") = "samples", "samples", "{15E5CCAC-85EB-4C98-B1FA-B5DEFD213FCD}"
EndProject
Project("{FAE04EC0-301F-11D3-BF4B-00C04F79EFBC}") = "BoltOn.Samples.WebApi", "samples\BoltOn.Samples.WebApi\BoltOn.Samples.WebApi.csproj", "{DABC3AEA-F889-4B63-962A-911696F02733}"
EndProject
Project("{FAE04EC0-301F-11D3-BF4B-00C04F79EFBC}") = "BoltOn.Tests", "tests\BoltOn.Tests\BoltOn.Tests.csproj", "{6AB42094-D912-4DBE-8253-86409EA08896}"
EndProject
Project("{FAE04EC0-301F-11D3-BF4B-00C04F79EFBC}") = "BoltOn.Data.EF", "src\BoltOn.Data.EF\BoltOn.Data.EF.csproj", "{E9FBB8EF-7628-4351-B008-A54EA28C67C2}"
EndProject
Project("{FAE04EC0-301F-11D3-BF4B-00C04F79EFBC}") = "BoltOn.Samples.Application", "samples\BoltOn.Samples.Application\BoltOn.Samples.Application.csproj", "{30D494B5-63C0-459B-81D1-7FDB9B914B6B}"
EndProject
Project("{FAE04EC0-301F-11D3-BF4B-00C04F79EFBC}") = "BoltOn.Samples.Infrastructure", "samples\BoltOn.Samples.Infrastructure\BoltOn.Samples.Infrastructure.csproj", "{5A571C42-5FED-4568-94DC-0D7340E2BC4E}"
EndProject
Project("{FAE04EC0-301F-11D3-BF4B-00C04F79EFBC}") = "BoltOn", "src\BoltOn\BoltOn.csproj", "{440B9E87-690B-4475-BD11-BF6D4B1CA246}"
EndProject
Project("{FAE04EC0-301F-11D3-BF4B-00C04F79EFBC}") = "BoltOn.Overrides", "src\BoltOn.Overrides\BoltOn.Overrides.csproj", "{54108E57-EC19-43AD-A9FA-44222BC1C0B4}"
EndProject
Project("{FAE04EC0-301F-11D3-BF4B-00C04F79EFBC}") = "BoltOn.Samples.Console", "samples\BoltOn.Samples.Console\BoltOn.Samples.Console.csproj", "{FD5F35F9-FC73-4CC4-AFE3-95F3B1C668D9}"
EndProject
Project("{FAE04EC0-301F-11D3-BF4B-00C04F79EFBC}") = "BoltOn.Data.CosmosDb", "src\BoltOn.Data.CosmosDb\BoltOn.Data.CosmosDb.csproj", "{D84BAC35-2054-4547-9F1A-294EBF71815A}"
EndProject
Project("{FAE04EC0-301F-11D3-BF4B-00C04F79EFBC}") = "BoltOn.Bus.MassTransit", "src\BoltOn.Bus.MassTransit\BoltOn.Bus.MassTransit.csproj", "{21DD4150-15A7-4417-9538-51F0B07FD31A}"
EndProject
Project("{2150E333-8FDC-42A3-9474-1A3956D46DE8}") = "docs", "docs", "{A8A7AE59-033D-44E5-8805-CD308A0D0C65}"
	ProjectSection(SolutionItems) = preProject
		docs\mediator.md = docs\mediator.md
		docs\utilities.md = docs\utilities.md
		docs\samples.md = docs\samples.md
		docs\optional.md = docs\optional.md
		docs\index.md = docs\index.md
		docs\data.md = docs\data.md
		docs\cqrs.md = docs\cqrs.md
		docs\bus.md = docs\bus.md
	EndProjectSection
EndProject
Global
	GlobalSection(SolutionConfigurationPlatforms) = preSolution
		Debug|Any CPU = Debug|Any CPU
		Release|Any CPU = Release|Any CPU
	EndGlobalSection
	GlobalSection(ProjectConfigurationPlatforms) = postSolution
		{DABC3AEA-F889-4B63-962A-911696F02733}.Debug|Any CPU.ActiveCfg = Debug|Any CPU
		{DABC3AEA-F889-4B63-962A-911696F02733}.Debug|Any CPU.Build.0 = Debug|Any CPU
		{DABC3AEA-F889-4B63-962A-911696F02733}.Release|Any CPU.ActiveCfg = Release|Any CPU
		{DABC3AEA-F889-4B63-962A-911696F02733}.Release|Any CPU.Build.0 = Release|Any CPU
		{6AB42094-D912-4DBE-8253-86409EA08896}.Debug|Any CPU.ActiveCfg = Debug|Any CPU
		{6AB42094-D912-4DBE-8253-86409EA08896}.Debug|Any CPU.Build.0 = Debug|Any CPU
		{6AB42094-D912-4DBE-8253-86409EA08896}.Release|Any CPU.ActiveCfg = Release|Any CPU
		{6AB42094-D912-4DBE-8253-86409EA08896}.Release|Any CPU.Build.0 = Release|Any CPU
		{E9FBB8EF-7628-4351-B008-A54EA28C67C2}.Debug|Any CPU.ActiveCfg = Debug|Any CPU
		{E9FBB8EF-7628-4351-B008-A54EA28C67C2}.Debug|Any CPU.Build.0 = Debug|Any CPU
		{E9FBB8EF-7628-4351-B008-A54EA28C67C2}.Release|Any CPU.ActiveCfg = Release|Any CPU
		{E9FBB8EF-7628-4351-B008-A54EA28C67C2}.Release|Any CPU.Build.0 = Release|Any CPU
		{30D494B5-63C0-459B-81D1-7FDB9B914B6B}.Debug|Any CPU.ActiveCfg = Debug|Any CPU
		{30D494B5-63C0-459B-81D1-7FDB9B914B6B}.Debug|Any CPU.Build.0 = Debug|Any CPU
		{30D494B5-63C0-459B-81D1-7FDB9B914B6B}.Release|Any CPU.ActiveCfg = Release|Any CPU
		{30D494B5-63C0-459B-81D1-7FDB9B914B6B}.Release|Any CPU.Build.0 = Release|Any CPU
		{5A571C42-5FED-4568-94DC-0D7340E2BC4E}.Debug|Any CPU.ActiveCfg = Debug|Any CPU
		{5A571C42-5FED-4568-94DC-0D7340E2BC4E}.Debug|Any CPU.Build.0 = Debug|Any CPU
		{5A571C42-5FED-4568-94DC-0D7340E2BC4E}.Release|Any CPU.ActiveCfg = Release|Any CPU
		{5A571C42-5FED-4568-94DC-0D7340E2BC4E}.Release|Any CPU.Build.0 = Release|Any CPU
		{440B9E87-690B-4475-BD11-BF6D4B1CA246}.Debug|Any CPU.ActiveCfg = Debug|Any CPU
		{440B9E87-690B-4475-BD11-BF6D4B1CA246}.Debug|Any CPU.Build.0 = Debug|Any CPU
		{440B9E87-690B-4475-BD11-BF6D4B1CA246}.Release|Any CPU.ActiveCfg = Release|Any CPU
		{440B9E87-690B-4475-BD11-BF6D4B1CA246}.Release|Any CPU.Build.0 = Release|Any CPU
		{54108E57-EC19-43AD-A9FA-44222BC1C0B4}.Debug|Any CPU.ActiveCfg = Debug|Any CPU
		{54108E57-EC19-43AD-A9FA-44222BC1C0B4}.Debug|Any CPU.Build.0 = Debug|Any CPU
		{54108E57-EC19-43AD-A9FA-44222BC1C0B4}.Release|Any CPU.ActiveCfg = Release|Any CPU
		{54108E57-EC19-43AD-A9FA-44222BC1C0B4}.Release|Any CPU.Build.0 = Release|Any CPU
		{FD5F35F9-FC73-4CC4-AFE3-95F3B1C668D9}.Debug|Any CPU.ActiveCfg = Debug|Any CPU
		{FD5F35F9-FC73-4CC4-AFE3-95F3B1C668D9}.Debug|Any CPU.Build.0 = Debug|Any CPU
		{FD5F35F9-FC73-4CC4-AFE3-95F3B1C668D9}.Release|Any CPU.ActiveCfg = Release|Any CPU
		{FD5F35F9-FC73-4CC4-AFE3-95F3B1C668D9}.Release|Any CPU.Build.0 = Release|Any CPU
		{AAC4F5B2-8CD0-4848-ABBC-651D9C0824A1}.Debug|Any CPU.ActiveCfg = Debug|Any CPU
		{AAC4F5B2-8CD0-4848-ABBC-651D9C0824A1}.Debug|Any CPU.Build.0 = Debug|Any CPU
		{AAC4F5B2-8CD0-4848-ABBC-651D9C0824A1}.Release|Any CPU.ActiveCfg = Release|Any CPU
		{AAC4F5B2-8CD0-4848-ABBC-651D9C0824A1}.Release|Any CPU.Build.0 = Release|Any CPU
		{D84BAC35-2054-4547-9F1A-294EBF71815A}.Debug|Any CPU.ActiveCfg = Debug|Any CPU
		{D84BAC35-2054-4547-9F1A-294EBF71815A}.Debug|Any CPU.Build.0 = Debug|Any CPU
		{D84BAC35-2054-4547-9F1A-294EBF71815A}.Release|Any CPU.ActiveCfg = Release|Any CPU
		{D84BAC35-2054-4547-9F1A-294EBF71815A}.Release|Any CPU.Build.0 = Release|Any CPU
		{21DD4150-15A7-4417-9538-51F0B07FD31A}.Debug|Any CPU.ActiveCfg = Debug|Any CPU
		{21DD4150-15A7-4417-9538-51F0B07FD31A}.Debug|Any CPU.Build.0 = Debug|Any CPU
		{21DD4150-15A7-4417-9538-51F0B07FD31A}.Release|Any CPU.ActiveCfg = Release|Any CPU
		{21DD4150-15A7-4417-9538-51F0B07FD31A}.Release|Any CPU.Build.0 = Release|Any CPU
	EndGlobalSection
	GlobalSection(SolutionProperties) = preSolution
		HideSolutionNode = FALSE
	EndGlobalSection
	GlobalSection(NestedProjects) = preSolution
		{DABC3AEA-F889-4B63-962A-911696F02733} = {15E5CCAC-85EB-4C98-B1FA-B5DEFD213FCD}
		{6AB42094-D912-4DBE-8253-86409EA08896} = {C751203D-F070-44BC-88D6-C1687D30470F}
		{E9FBB8EF-7628-4351-B008-A54EA28C67C2} = {CF6C3199-B58A-4FB2-8E69-4E27B3A7BA29}
		{30D494B5-63C0-459B-81D1-7FDB9B914B6B} = {15E5CCAC-85EB-4C98-B1FA-B5DEFD213FCD}
		{5A571C42-5FED-4568-94DC-0D7340E2BC4E} = {15E5CCAC-85EB-4C98-B1FA-B5DEFD213FCD}
		{440B9E87-690B-4475-BD11-BF6D4B1CA246} = {CF6C3199-B58A-4FB2-8E69-4E27B3A7BA29}
		{54108E57-EC19-43AD-A9FA-44222BC1C0B4} = {CF6C3199-B58A-4FB2-8E69-4E27B3A7BA29}
		{FD5F35F9-FC73-4CC4-AFE3-95F3B1C668D9} = {15E5CCAC-85EB-4C98-B1FA-B5DEFD213FCD}
		{AAC4F5B2-8CD0-4848-ABBC-651D9C0824A1} = {CF6C3199-B58A-4FB2-8E69-4E27B3A7BA29}
		{D84BAC35-2054-4547-9F1A-294EBF71815A} = {CF6C3199-B58A-4FB2-8E69-4E27B3A7BA29}
		{21DD4150-15A7-4417-9538-51F0B07FD31A} = {CF6C3199-B58A-4FB2-8E69-4E27B3A7BA29}
	EndGlobalSection
	GlobalSection(ExtensibilityGlobals) = postSolution
		SolutionGuid = {530F371A-8A38-41FE-9A1E-A03ACCDE867B}
	EndGlobalSection
EndGlobal
