Microsoft Visual Studio Solution File, Format Version 12.00
# Visual Studio 15
VisualStudioVersion = 15.0.27703.2035
MinimumVisualStudioVersion = 10.0.40219.1
Project("{9A19103F-16F7-4668-BE54-9A1E7A4F7556}") = "BoltOn", "src\BoltOn\BoltOn.csproj", "{5F868378-090A-4CD3-A8B9-6C6AFA1E8CE3}"
EndProject
Project("{9A19103F-16F7-4668-BE54-9A1E7A4F7556}") = "BoltOn.Mediator", "src\BoltOn.Mediator\BoltOn.Mediator.csproj", "{AF354657-8CD8-4F14-A795-B269C28AB35D}"
EndProject
Project("{9A19103F-16F7-4668-BE54-9A1E7A4F7556}") = "BoltOn.Data.EF", "src\BoltOn.Data.EF\BoltOn.Data.EF.csproj", "{7AC2FBFB-C35F-46BC-9A70-2A60998402EC}"
EndProject
Project("{9A19103F-16F7-4668-BE54-9A1E7A4F7556}") = "BoltOn.Data", "src\BoltOn.Data\BoltOn.Data.csproj", "{934F8EC4-8A00-4506-92FA-A57F94E91574}"
EndProject
Project("{9A19103F-16F7-4668-BE54-9A1E7A4F7556}") = "BoltOn.Mediator.Data.EF", "src\BoltOn.Mediator.Data.EF\BoltOn.Mediator.Data.EF.csproj", "{96A60490-975A-4517-9F66-D40443809DEF}"
EndProject
Project("{9A19103F-16F7-4668-BE54-9A1E7A4F7556}") = "BoltOn.Tests", "tests\BoltOn.Tests\BoltOn.Tests.csproj", "{83D5A7E9-68B8-42BF-B5E1-6FE609E76739}"
EndProject
Project("{9A19103F-16F7-4668-BE54-9A1E7A4F7556}") = "BoltOn.Samples.Domain", "samples\BoltOn.Samples.Domain\BoltOn.Samples.Domain.csproj", "{5572113F-90E5-4E2A-896E-29A11267C518}"
EndProject
Project("{9A19103F-16F7-4668-BE54-9A1E7A4F7556}") = "BoltOn.Samples.WebApi", "samples\BoltOn.Samples.WebApi\BoltOn.Samples.WebApi.csproj", "{3187ECF0-56F6-4BDB-9A34-116CDA2DF1A0}"
EndProject
Global
	GlobalSection(SolutionConfigurationPlatforms) = preSolution
		Debug|Any CPU = Debug|Any CPU
		Release|Any CPU = Release|Any CPU
	EndGlobalSection
	GlobalSection(ProjectConfigurationPlatforms) = postSolution
		{5F868378-090A-4CD3-A8B9-6C6AFA1E8CE3}.Debug|Any CPU.ActiveCfg = Debug|Any CPU
		{5F868378-090A-4CD3-A8B9-6C6AFA1E8CE3}.Debug|Any CPU.Build.0 = Debug|Any CPU
		{5F868378-090A-4CD3-A8B9-6C6AFA1E8CE3}.Release|Any CPU.ActiveCfg = Release|Any CPU
		{5F868378-090A-4CD3-A8B9-6C6AFA1E8CE3}.Release|Any CPU.Build.0 = Release|Any CPU
		{AF354657-8CD8-4F14-A795-B269C28AB35D}.Debug|Any CPU.ActiveCfg = Debug|Any CPU
		{AF354657-8CD8-4F14-A795-B269C28AB35D}.Debug|Any CPU.Build.0 = Debug|Any CPU
		{AF354657-8CD8-4F14-A795-B269C28AB35D}.Release|Any CPU.ActiveCfg = Release|Any CPU
		{AF354657-8CD8-4F14-A795-B269C28AB35D}.Release|Any CPU.Build.0 = Release|Any CPU
		{7AC2FBFB-C35F-46BC-9A70-2A60998402EC}.Debug|Any CPU.ActiveCfg = Debug|Any CPU
		{7AC2FBFB-C35F-46BC-9A70-2A60998402EC}.Debug|Any CPU.Build.0 = Debug|Any CPU
		{7AC2FBFB-C35F-46BC-9A70-2A60998402EC}.Release|Any CPU.ActiveCfg = Release|Any CPU
		{7AC2FBFB-C35F-46BC-9A70-2A60998402EC}.Release|Any CPU.Build.0 = Release|Any CPU
		{934F8EC4-8A00-4506-92FA-A57F94E91574}.Debug|Any CPU.ActiveCfg = Debug|Any CPU
		{934F8EC4-8A00-4506-92FA-A57F94E91574}.Debug|Any CPU.Build.0 = Debug|Any CPU
		{934F8EC4-8A00-4506-92FA-A57F94E91574}.Release|Any CPU.ActiveCfg = Release|Any CPU
		{934F8EC4-8A00-4506-92FA-A57F94E91574}.Release|Any CPU.Build.0 = Release|Any CPU
		{96A60490-975A-4517-9F66-D40443809DEF}.Debug|Any CPU.ActiveCfg = Debug|Any CPU
		{96A60490-975A-4517-9F66-D40443809DEF}.Debug|Any CPU.Build.0 = Debug|Any CPU
		{96A60490-975A-4517-9F66-D40443809DEF}.Release|Any CPU.ActiveCfg = Release|Any CPU
		{96A60490-975A-4517-9F66-D40443809DEF}.Release|Any CPU.Build.0 = Release|Any CPU
		{83D5A7E9-68B8-42BF-B5E1-6FE609E76739}.Debug|Any CPU.ActiveCfg = Debug|Any CPU
		{83D5A7E9-68B8-42BF-B5E1-6FE609E76739}.Debug|Any CPU.Build.0 = Debug|Any CPU
		{83D5A7E9-68B8-42BF-B5E1-6FE609E76739}.Release|Any CPU.ActiveCfg = Release|Any CPU
		{83D5A7E9-68B8-42BF-B5E1-6FE609E76739}.Release|Any CPU.Build.0 = Release|Any CPU
		{5572113F-90E5-4E2A-896E-29A11267C518}.Debug|Any CPU.ActiveCfg = Debug|Any CPU
		{5572113F-90E5-4E2A-896E-29A11267C518}.Debug|Any CPU.Build.0 = Debug|Any CPU
		{5572113F-90E5-4E2A-896E-29A11267C518}.Release|Any CPU.ActiveCfg = Release|Any CPU
		{5572113F-90E5-4E2A-896E-29A11267C518}.Release|Any CPU.Build.0 = Release|Any CPU
		{3187ECF0-56F6-4BDB-9A34-116CDA2DF1A0}.Debug|Any CPU.ActiveCfg = Debug|Any CPU
		{3187ECF0-56F6-4BDB-9A34-116CDA2DF1A0}.Debug|Any CPU.Build.0 = Debug|Any CPU
		{3187ECF0-56F6-4BDB-9A34-116CDA2DF1A0}.Release|Any CPU.ActiveCfg = Release|Any CPU
		{3187ECF0-56F6-4BDB-9A34-116CDA2DF1A0}.Release|Any CPU.Build.0 = Release|Any CPU
	EndGlobalSection
	GlobalSection(SolutionProperties) = preSolution
		HideSolutionNode = FALSE
	EndGlobalSection
	GlobalSection(ExtensibilityGlobals) = postSolution
		SolutionGuid = {530F371A-8A38-41FE-9A1E-A03ACCDE867B}
	EndGlobalSection
	GlobalSection(MonoDevelopProperties) = preSolution
		BaseDirectory = .
	EndGlobalSection
EndGlobal
