
Microsoft Visual Studio Solution File, Format Version 12.00
# Visual Studio Version 16
VisualStudioVersion = 16.0.29424.173
MinimumVisualStudioVersion = 15.0.26124.0
Project("{9A19103F-16F7-4668-BE54-9A1E7A4F7556}") = "BoltOn.Samples.Application", "BoltOn.Samples.Application\BoltOn.Samples.Application.csproj", "{B5997E74-0DA3-4AFF-AD9E-09D542AEF9C9}"
EndProject
Project("{9A19103F-16F7-4668-BE54-9A1E7A4F7556}") = "BoltOn.Samples.Console", "BoltOn.Samples.Console\BoltOn.Samples.Console.csproj", "{C9906BA3-D9D1-470F-9B61-1388C906AAFF}"
EndProject
Project("{9A19103F-16F7-4668-BE54-9A1E7A4F7556}") = "BoltOn.Samples.Infrastructure", "BoltOn.Samples.Infrastructure\BoltOn.Samples.Infrastructure.csproj", "{CF4DBCEE-84F7-45FE-BDDC-03C12CAB21C9}"
EndProject
Project("{9A19103F-16F7-4668-BE54-9A1E7A4F7556}") = "BoltOn.Samples.WebApi", "BoltOn.Samples.WebApi\BoltOn.Samples.WebApi.csproj", "{16A9B274-8A1B-478A-A579-125B4625B38C}"
EndProject
Project("{9A19103F-16F7-4668-BE54-9A1E7A4F7556}") = "BoltOn.Samples.Tests", "BoltOn.Samples.Tests\BoltOn.Samples.Tests.csproj", "{D595B553-5BBC-4B4B-ADC6-FA198FC4DB3D}"
EndProject
Project("{FAE04EC0-301F-11D3-BF4B-00C04F79EFBC}") = "BoltOn", "..\src\BoltOn\BoltOn.csproj", "{2D020DC8-9961-42FD-8331-049C461D50F2}"
EndProject
Project("{FAE04EC0-301F-11D3-BF4B-00C04F79EFBC}") = "BoltOn.Data.EF", "..\src\BoltOn.Data.EF\BoltOn.Data.EF.csproj", "{1EA31E24-5130-41DD-B55A-BB8A3D408CAB}"
EndProject
Project("{FAE04EC0-301F-11D3-BF4B-00C04F79EFBC}") = "BoltOn.Data.CosmosDb", "..\src\BoltOn.Data.CosmosDb\BoltOn.Data.CosmosDb.csproj", "{0A575125-F89D-4E8F-9E33-B06DC74808BB}"
EndProject
Project("{FAE04EC0-301F-11D3-BF4B-00C04F79EFBC}") = "BoltOn.Bus.MassTransit", "..\src\BoltOn.Bus.MassTransit\BoltOn.Bus.MassTransit.csproj", "{0DC7F124-BACE-4A35-877E-6B124D0B8483}"
EndProject
Project("{FAE04EC0-301F-11D3-BF4B-00C04F79EFBC}") = "BoltOn.Cache", "..\src\BoltOn.Cache\BoltOn.Cache.csproj", "{05B385B7-084D-4A7D-B951-6ED6F0A372B7}"
EndProject
Project("{FAE04EC0-301F-11D3-BF4B-00C04F79EFBC}") = "BoltOn.Hangfire", "..\src\BoltOn.Hangfire\BoltOn.Hangfire.csproj", "{F5D6C39A-DE13-45DA-81B7-A19CFD4927DA}"
EndProject
Project("{FAE04EC0-301F-11D3-BF4B-00C04F79EFBC}") = "BoltOn.Web", "..\src\BoltOn.Web\BoltOn.Web.csproj", "{4B222EF6-142D-4115-83BF-78BA188BA97E}"
EndProject
Global
	GlobalSection(SolutionConfigurationPlatforms) = preSolution
		Debug|Any CPU = Debug|Any CPU
		Debug|x64 = Debug|x64
		Debug|x86 = Debug|x86
		Release|Any CPU = Release|Any CPU
		Release|x64 = Release|x64
		Release|x86 = Release|x86
	EndGlobalSection
	GlobalSection(ProjectConfigurationPlatforms) = postSolution
		{B5997E74-0DA3-4AFF-AD9E-09D542AEF9C9}.Debug|Any CPU.ActiveCfg = Debug|Any CPU
		{B5997E74-0DA3-4AFF-AD9E-09D542AEF9C9}.Debug|Any CPU.Build.0 = Debug|Any CPU
		{B5997E74-0DA3-4AFF-AD9E-09D542AEF9C9}.Debug|x64.ActiveCfg = Debug|Any CPU
		{B5997E74-0DA3-4AFF-AD9E-09D542AEF9C9}.Debug|x64.Build.0 = Debug|Any CPU
		{B5997E74-0DA3-4AFF-AD9E-09D542AEF9C9}.Debug|x86.ActiveCfg = Debug|Any CPU
		{B5997E74-0DA3-4AFF-AD9E-09D542AEF9C9}.Debug|x86.Build.0 = Debug|Any CPU
		{B5997E74-0DA3-4AFF-AD9E-09D542AEF9C9}.Release|Any CPU.ActiveCfg = Release|Any CPU
		{B5997E74-0DA3-4AFF-AD9E-09D542AEF9C9}.Release|Any CPU.Build.0 = Release|Any CPU
		{B5997E74-0DA3-4AFF-AD9E-09D542AEF9C9}.Release|x64.ActiveCfg = Release|Any CPU
		{B5997E74-0DA3-4AFF-AD9E-09D542AEF9C9}.Release|x64.Build.0 = Release|Any CPU
		{B5997E74-0DA3-4AFF-AD9E-09D542AEF9C9}.Release|x86.ActiveCfg = Release|Any CPU
		{B5997E74-0DA3-4AFF-AD9E-09D542AEF9C9}.Release|x86.Build.0 = Release|Any CPU
		{C9906BA3-D9D1-470F-9B61-1388C906AAFF}.Debug|Any CPU.ActiveCfg = Debug|Any CPU
		{C9906BA3-D9D1-470F-9B61-1388C906AAFF}.Debug|Any CPU.Build.0 = Debug|Any CPU
		{C9906BA3-D9D1-470F-9B61-1388C906AAFF}.Debug|x64.ActiveCfg = Debug|Any CPU
		{C9906BA3-D9D1-470F-9B61-1388C906AAFF}.Debug|x64.Build.0 = Debug|Any CPU
		{C9906BA3-D9D1-470F-9B61-1388C906AAFF}.Debug|x86.ActiveCfg = Debug|Any CPU
		{C9906BA3-D9D1-470F-9B61-1388C906AAFF}.Debug|x86.Build.0 = Debug|Any CPU
		{C9906BA3-D9D1-470F-9B61-1388C906AAFF}.Release|Any CPU.ActiveCfg = Release|Any CPU
		{C9906BA3-D9D1-470F-9B61-1388C906AAFF}.Release|Any CPU.Build.0 = Release|Any CPU
		{C9906BA3-D9D1-470F-9B61-1388C906AAFF}.Release|x64.ActiveCfg = Release|Any CPU
		{C9906BA3-D9D1-470F-9B61-1388C906AAFF}.Release|x64.Build.0 = Release|Any CPU
		{C9906BA3-D9D1-470F-9B61-1388C906AAFF}.Release|x86.ActiveCfg = Release|Any CPU
		{C9906BA3-D9D1-470F-9B61-1388C906AAFF}.Release|x86.Build.0 = Release|Any CPU
		{CF4DBCEE-84F7-45FE-BDDC-03C12CAB21C9}.Debug|Any CPU.ActiveCfg = Debug|Any CPU
		{CF4DBCEE-84F7-45FE-BDDC-03C12CAB21C9}.Debug|Any CPU.Build.0 = Debug|Any CPU
		{CF4DBCEE-84F7-45FE-BDDC-03C12CAB21C9}.Debug|x64.ActiveCfg = Debug|Any CPU
		{CF4DBCEE-84F7-45FE-BDDC-03C12CAB21C9}.Debug|x64.Build.0 = Debug|Any CPU
		{CF4DBCEE-84F7-45FE-BDDC-03C12CAB21C9}.Debug|x86.ActiveCfg = Debug|Any CPU
		{CF4DBCEE-84F7-45FE-BDDC-03C12CAB21C9}.Debug|x86.Build.0 = Debug|Any CPU
		{CF4DBCEE-84F7-45FE-BDDC-03C12CAB21C9}.Release|Any CPU.ActiveCfg = Release|Any CPU
		{CF4DBCEE-84F7-45FE-BDDC-03C12CAB21C9}.Release|Any CPU.Build.0 = Release|Any CPU
		{CF4DBCEE-84F7-45FE-BDDC-03C12CAB21C9}.Release|x64.ActiveCfg = Release|Any CPU
		{CF4DBCEE-84F7-45FE-BDDC-03C12CAB21C9}.Release|x64.Build.0 = Release|Any CPU
		{CF4DBCEE-84F7-45FE-BDDC-03C12CAB21C9}.Release|x86.ActiveCfg = Release|Any CPU
		{CF4DBCEE-84F7-45FE-BDDC-03C12CAB21C9}.Release|x86.Build.0 = Release|Any CPU
		{16A9B274-8A1B-478A-A579-125B4625B38C}.Debug|Any CPU.ActiveCfg = Debug|Any CPU
		{16A9B274-8A1B-478A-A579-125B4625B38C}.Debug|Any CPU.Build.0 = Debug|Any CPU
		{16A9B274-8A1B-478A-A579-125B4625B38C}.Debug|x64.ActiveCfg = Debug|Any CPU
		{16A9B274-8A1B-478A-A579-125B4625B38C}.Debug|x64.Build.0 = Debug|Any CPU
		{16A9B274-8A1B-478A-A579-125B4625B38C}.Debug|x86.ActiveCfg = Debug|Any CPU
		{16A9B274-8A1B-478A-A579-125B4625B38C}.Debug|x86.Build.0 = Debug|Any CPU
		{16A9B274-8A1B-478A-A579-125B4625B38C}.Release|Any CPU.ActiveCfg = Release|Any CPU
		{16A9B274-8A1B-478A-A579-125B4625B38C}.Release|Any CPU.Build.0 = Release|Any CPU
		{16A9B274-8A1B-478A-A579-125B4625B38C}.Release|x64.ActiveCfg = Release|Any CPU
		{16A9B274-8A1B-478A-A579-125B4625B38C}.Release|x64.Build.0 = Release|Any CPU
		{16A9B274-8A1B-478A-A579-125B4625B38C}.Release|x86.ActiveCfg = Release|Any CPU
		{16A9B274-8A1B-478A-A579-125B4625B38C}.Release|x86.Build.0 = Release|Any CPU
		{D595B553-5BBC-4B4B-ADC6-FA198FC4DB3D}.Debug|Any CPU.ActiveCfg = Debug|Any CPU
		{D595B553-5BBC-4B4B-ADC6-FA198FC4DB3D}.Debug|Any CPU.Build.0 = Debug|Any CPU
		{D595B553-5BBC-4B4B-ADC6-FA198FC4DB3D}.Debug|x64.ActiveCfg = Debug|Any CPU
		{D595B553-5BBC-4B4B-ADC6-FA198FC4DB3D}.Debug|x64.Build.0 = Debug|Any CPU
		{D595B553-5BBC-4B4B-ADC6-FA198FC4DB3D}.Debug|x86.ActiveCfg = Debug|Any CPU
		{D595B553-5BBC-4B4B-ADC6-FA198FC4DB3D}.Debug|x86.Build.0 = Debug|Any CPU
		{D595B553-5BBC-4B4B-ADC6-FA198FC4DB3D}.Release|Any CPU.ActiveCfg = Release|Any CPU
		{D595B553-5BBC-4B4B-ADC6-FA198FC4DB3D}.Release|Any CPU.Build.0 = Release|Any CPU
		{D595B553-5BBC-4B4B-ADC6-FA198FC4DB3D}.Release|x64.ActiveCfg = Release|Any CPU
		{D595B553-5BBC-4B4B-ADC6-FA198FC4DB3D}.Release|x64.Build.0 = Release|Any CPU
		{D595B553-5BBC-4B4B-ADC6-FA198FC4DB3D}.Release|x86.ActiveCfg = Release|Any CPU
		{D595B553-5BBC-4B4B-ADC6-FA198FC4DB3D}.Release|x86.Build.0 = Release|Any CPU
		{2D020DC8-9961-42FD-8331-049C461D50F2}.Debug|Any CPU.ActiveCfg = Debug|Any CPU
		{2D020DC8-9961-42FD-8331-049C461D50F2}.Debug|Any CPU.Build.0 = Debug|Any CPU
		{2D020DC8-9961-42FD-8331-049C461D50F2}.Debug|x64.ActiveCfg = Debug|Any CPU
		{2D020DC8-9961-42FD-8331-049C461D50F2}.Debug|x64.Build.0 = Debug|Any CPU
		{2D020DC8-9961-42FD-8331-049C461D50F2}.Debug|x86.ActiveCfg = Debug|Any CPU
		{2D020DC8-9961-42FD-8331-049C461D50F2}.Debug|x86.Build.0 = Debug|Any CPU
		{2D020DC8-9961-42FD-8331-049C461D50F2}.Release|Any CPU.ActiveCfg = Release|Any CPU
		{2D020DC8-9961-42FD-8331-049C461D50F2}.Release|Any CPU.Build.0 = Release|Any CPU
		{2D020DC8-9961-42FD-8331-049C461D50F2}.Release|x64.ActiveCfg = Release|Any CPU
		{2D020DC8-9961-42FD-8331-049C461D50F2}.Release|x64.Build.0 = Release|Any CPU
		{2D020DC8-9961-42FD-8331-049C461D50F2}.Release|x86.ActiveCfg = Release|Any CPU
		{2D020DC8-9961-42FD-8331-049C461D50F2}.Release|x86.Build.0 = Release|Any CPU
		{1EA31E24-5130-41DD-B55A-BB8A3D408CAB}.Debug|Any CPU.ActiveCfg = Debug|Any CPU
		{1EA31E24-5130-41DD-B55A-BB8A3D408CAB}.Debug|Any CPU.Build.0 = Debug|Any CPU
		{1EA31E24-5130-41DD-B55A-BB8A3D408CAB}.Debug|x64.ActiveCfg = Debug|Any CPU
		{1EA31E24-5130-41DD-B55A-BB8A3D408CAB}.Debug|x64.Build.0 = Debug|Any CPU
		{1EA31E24-5130-41DD-B55A-BB8A3D408CAB}.Debug|x86.ActiveCfg = Debug|Any CPU
		{1EA31E24-5130-41DD-B55A-BB8A3D408CAB}.Debug|x86.Build.0 = Debug|Any CPU
		{1EA31E24-5130-41DD-B55A-BB8A3D408CAB}.Release|Any CPU.ActiveCfg = Release|Any CPU
		{1EA31E24-5130-41DD-B55A-BB8A3D408CAB}.Release|Any CPU.Build.0 = Release|Any CPU
		{1EA31E24-5130-41DD-B55A-BB8A3D408CAB}.Release|x64.ActiveCfg = Release|Any CPU
		{1EA31E24-5130-41DD-B55A-BB8A3D408CAB}.Release|x64.Build.0 = Release|Any CPU
		{1EA31E24-5130-41DD-B55A-BB8A3D408CAB}.Release|x86.ActiveCfg = Release|Any CPU
		{1EA31E24-5130-41DD-B55A-BB8A3D408CAB}.Release|x86.Build.0 = Release|Any CPU
		{0A575125-F89D-4E8F-9E33-B06DC74808BB}.Debug|Any CPU.ActiveCfg = Debug|Any CPU
		{0A575125-F89D-4E8F-9E33-B06DC74808BB}.Debug|Any CPU.Build.0 = Debug|Any CPU
		{0A575125-F89D-4E8F-9E33-B06DC74808BB}.Debug|x64.ActiveCfg = Debug|Any CPU
		{0A575125-F89D-4E8F-9E33-B06DC74808BB}.Debug|x64.Build.0 = Debug|Any CPU
		{0A575125-F89D-4E8F-9E33-B06DC74808BB}.Debug|x86.ActiveCfg = Debug|Any CPU
		{0A575125-F89D-4E8F-9E33-B06DC74808BB}.Debug|x86.Build.0 = Debug|Any CPU
		{0A575125-F89D-4E8F-9E33-B06DC74808BB}.Release|Any CPU.ActiveCfg = Release|Any CPU
		{0A575125-F89D-4E8F-9E33-B06DC74808BB}.Release|Any CPU.Build.0 = Release|Any CPU
		{0A575125-F89D-4E8F-9E33-B06DC74808BB}.Release|x64.ActiveCfg = Release|Any CPU
		{0A575125-F89D-4E8F-9E33-B06DC74808BB}.Release|x64.Build.0 = Release|Any CPU
		{0A575125-F89D-4E8F-9E33-B06DC74808BB}.Release|x86.ActiveCfg = Release|Any CPU
		{0A575125-F89D-4E8F-9E33-B06DC74808BB}.Release|x86.Build.0 = Release|Any CPU
		{0DC7F124-BACE-4A35-877E-6B124D0B8483}.Debug|Any CPU.ActiveCfg = Debug|Any CPU
		{0DC7F124-BACE-4A35-877E-6B124D0B8483}.Debug|Any CPU.Build.0 = Debug|Any CPU
		{0DC7F124-BACE-4A35-877E-6B124D0B8483}.Debug|x64.ActiveCfg = Debug|Any CPU
		{0DC7F124-BACE-4A35-877E-6B124D0B8483}.Debug|x64.Build.0 = Debug|Any CPU
		{0DC7F124-BACE-4A35-877E-6B124D0B8483}.Debug|x86.ActiveCfg = Debug|Any CPU
		{0DC7F124-BACE-4A35-877E-6B124D0B8483}.Debug|x86.Build.0 = Debug|Any CPU
		{0DC7F124-BACE-4A35-877E-6B124D0B8483}.Release|Any CPU.ActiveCfg = Release|Any CPU
		{0DC7F124-BACE-4A35-877E-6B124D0B8483}.Release|Any CPU.Build.0 = Release|Any CPU
		{0DC7F124-BACE-4A35-877E-6B124D0B8483}.Release|x64.ActiveCfg = Release|Any CPU
		{0DC7F124-BACE-4A35-877E-6B124D0B8483}.Release|x64.Build.0 = Release|Any CPU
		{0DC7F124-BACE-4A35-877E-6B124D0B8483}.Release|x86.ActiveCfg = Release|Any CPU
		{0DC7F124-BACE-4A35-877E-6B124D0B8483}.Release|x86.Build.0 = Release|Any CPU
		{05B385B7-084D-4A7D-B951-6ED6F0A372B7}.Debug|Any CPU.ActiveCfg = Debug|Any CPU
		{05B385B7-084D-4A7D-B951-6ED6F0A372B7}.Debug|Any CPU.Build.0 = Debug|Any CPU
		{05B385B7-084D-4A7D-B951-6ED6F0A372B7}.Debug|x64.ActiveCfg = Debug|Any CPU
		{05B385B7-084D-4A7D-B951-6ED6F0A372B7}.Debug|x64.Build.0 = Debug|Any CPU
		{05B385B7-084D-4A7D-B951-6ED6F0A372B7}.Debug|x86.ActiveCfg = Debug|Any CPU
		{05B385B7-084D-4A7D-B951-6ED6F0A372B7}.Debug|x86.Build.0 = Debug|Any CPU
		{05B385B7-084D-4A7D-B951-6ED6F0A372B7}.Release|Any CPU.ActiveCfg = Release|Any CPU
		{05B385B7-084D-4A7D-B951-6ED6F0A372B7}.Release|Any CPU.Build.0 = Release|Any CPU
		{05B385B7-084D-4A7D-B951-6ED6F0A372B7}.Release|x64.ActiveCfg = Release|Any CPU
		{05B385B7-084D-4A7D-B951-6ED6F0A372B7}.Release|x64.Build.0 = Release|Any CPU
		{05B385B7-084D-4A7D-B951-6ED6F0A372B7}.Release|x86.ActiveCfg = Release|Any CPU
		{05B385B7-084D-4A7D-B951-6ED6F0A372B7}.Release|x86.Build.0 = Release|Any CPU
		{F5D6C39A-DE13-45DA-81B7-A19CFD4927DA}.Debug|Any CPU.ActiveCfg = Debug|Any CPU
		{F5D6C39A-DE13-45DA-81B7-A19CFD4927DA}.Debug|Any CPU.Build.0 = Debug|Any CPU
		{F5D6C39A-DE13-45DA-81B7-A19CFD4927DA}.Debug|x64.ActiveCfg = Debug|Any CPU
		{F5D6C39A-DE13-45DA-81B7-A19CFD4927DA}.Debug|x64.Build.0 = Debug|Any CPU
		{F5D6C39A-DE13-45DA-81B7-A19CFD4927DA}.Debug|x86.ActiveCfg = Debug|Any CPU
		{F5D6C39A-DE13-45DA-81B7-A19CFD4927DA}.Debug|x86.Build.0 = Debug|Any CPU
		{F5D6C39A-DE13-45DA-81B7-A19CFD4927DA}.Release|Any CPU.ActiveCfg = Release|Any CPU
		{F5D6C39A-DE13-45DA-81B7-A19CFD4927DA}.Release|Any CPU.Build.0 = Release|Any CPU
		{F5D6C39A-DE13-45DA-81B7-A19CFD4927DA}.Release|x64.ActiveCfg = Release|Any CPU
		{F5D6C39A-DE13-45DA-81B7-A19CFD4927DA}.Release|x64.Build.0 = Release|Any CPU
		{F5D6C39A-DE13-45DA-81B7-A19CFD4927DA}.Release|x86.ActiveCfg = Release|Any CPU
		{F5D6C39A-DE13-45DA-81B7-A19CFD4927DA}.Release|x86.Build.0 = Release|Any CPU
		{4B222EF6-142D-4115-83BF-78BA188BA97E}.Debug|Any CPU.ActiveCfg = Debug|Any CPU
		{4B222EF6-142D-4115-83BF-78BA188BA97E}.Debug|Any CPU.Build.0 = Debug|Any CPU
		{4B222EF6-142D-4115-83BF-78BA188BA97E}.Debug|x64.ActiveCfg = Debug|Any CPU
		{4B222EF6-142D-4115-83BF-78BA188BA97E}.Debug|x64.Build.0 = Debug|Any CPU
		{4B222EF6-142D-4115-83BF-78BA188BA97E}.Debug|x86.ActiveCfg = Debug|Any CPU
		{4B222EF6-142D-4115-83BF-78BA188BA97E}.Debug|x86.Build.0 = Debug|Any CPU
		{4B222EF6-142D-4115-83BF-78BA188BA97E}.Release|Any CPU.ActiveCfg = Release|Any CPU
		{4B222EF6-142D-4115-83BF-78BA188BA97E}.Release|Any CPU.Build.0 = Release|Any CPU
		{4B222EF6-142D-4115-83BF-78BA188BA97E}.Release|x64.ActiveCfg = Release|Any CPU
		{4B222EF6-142D-4115-83BF-78BA188BA97E}.Release|x64.Build.0 = Release|Any CPU
		{4B222EF6-142D-4115-83BF-78BA188BA97E}.Release|x86.ActiveCfg = Release|Any CPU
		{4B222EF6-142D-4115-83BF-78BA188BA97E}.Release|x86.Build.0 = Release|Any CPU
	EndGlobalSection
	GlobalSection(SolutionProperties) = preSolution
		HideSolutionNode = FALSE
	EndGlobalSection
	GlobalSection(ExtensibilityGlobals) = postSolution
		SolutionGuid = {AD94141D-9FE6-49D9-ACBE-9EDE541B5344}
	EndGlobalSection
EndGlobal
