
Microsoft Visual Studio Solution File, Format Version 12.00
# Visual Studio Version 16
VisualStudioVersion = 16.0.29424.173
MinimumVisualStudioVersion = 15.0.26124.0
Project("{9A19103F-16F7-4668-BE54-9A1E7A4F7556}") = "BoltOn.Samples.Application", "BoltOn.Samples.Application\BoltOn.Samples.Application.csproj", "{B5997E74-0DA3-4AFF-AD9E-09D542AEF9C9}"
EndProject
Project("{9A19103F-16F7-4668-BE54-9A1E7A4F7556}") = "BoltOn.Samples.Console", "BoltOn.Samples.Console\BoltOn.Samples.Console.csproj", "{C9906BA3-D9D1-470F-9B61-1388C906AAFF}"
EndProject
Project("{9A19103F-16F7-4668-BE54-9A1E7A4F7556}") = "BoltOn.Samples.Infrastructure", "BoltOn.Samples.Infrastructure\BoltOn.Samples.Infrastructure.csproj", "{CF4DBCEE-84F7-45FE-BDDC-03C12CAB21C9}"
EndProject
Project("{9A19103F-16F7-4668-BE54-9A1E7A4F7556}") = "BoltOn.Samples.WebApi", "BoltOn.Samples.WebApi\BoltOn.Samples.WebApi.csproj", "{16A9B274-8A1B-478A-A579-125B4625B38C}"
EndProject
Project("{9A19103F-16F7-4668-BE54-9A1E7A4F7556}") = "BoltOn.Samples.Tests", "BoltOn.Samples.Tests\BoltOn.Samples.Tests.csproj", "{D595B553-5BBC-4B4B-ADC6-FA198FC4DB3D}"
EndProject
Project("{FAE04EC0-301F-11D3-BF4B-00C04F79EFBC}") = "BoltOn", "..\src\BoltOn\BoltOn.csproj", "{4E5E312A-5E9B-4A9A-B886-6D62FD3E16E6}"
EndProject
Project("{FAE04EC0-301F-11D3-BF4B-00C04F79EFBC}") = "BoltOn.Data.EF", "..\src\BoltOn.Data.EF\BoltOn.Data.EF.csproj", "{8127D527-E897-41E2-9D32-0E88899D83D7}"
EndProject
Project("{FAE04EC0-301F-11D3-BF4B-00C04F79EFBC}") = "BoltOn.Bus.MassTransit", "..\src\BoltOn.Bus.MassTransit\BoltOn.Bus.MassTransit.csproj", "{8DE83035-8DFE-4F90-90FA-928DCBB55AD3}"
EndProject
Project("{FAE04EC0-301F-11D3-BF4B-00C04F79EFBC}") = "BoltOn.Cache", "..\src\BoltOn.Cache\BoltOn.Cache.csproj", "{75BAD71B-1DB3-4282-8E26-1A1D7069645A}"
EndProject
Project("{FAE04EC0-301F-11D3-BF4B-00C04F79EFBC}") = "BoltOn.Hangfire", "..\src\BoltOn.Hangfire\BoltOn.Hangfire.csproj", "{E6FB9E7C-B672-4946-BFA6-B63732385DDA}"
EndProject
Project("{FAE04EC0-301F-11D3-BF4B-00C04F79EFBC}") = "BoltOn.Web", "..\src\BoltOn.Web\BoltOn.Web.csproj", "{A13531E1-1D3F-46F9-A9FA-F5BC981859DE}"
EndProject
Global
	GlobalSection(SolutionConfigurationPlatforms) = preSolution
		Debug|Any CPU = Debug|Any CPU
		Debug|x64 = Debug|x64
		Debug|x86 = Debug|x86
		Release|Any CPU = Release|Any CPU
		Release|x64 = Release|x64
		Release|x86 = Release|x86
	EndGlobalSection
	GlobalSection(ProjectConfigurationPlatforms) = postSolution
		{B5997E74-0DA3-4AFF-AD9E-09D542AEF9C9}.Debug|Any CPU.ActiveCfg = Debug|Any CPU
		{B5997E74-0DA3-4AFF-AD9E-09D542AEF9C9}.Debug|Any CPU.Build.0 = Debug|Any CPU
		{B5997E74-0DA3-4AFF-AD9E-09D542AEF9C9}.Debug|x64.ActiveCfg = Debug|Any CPU
		{B5997E74-0DA3-4AFF-AD9E-09D542AEF9C9}.Debug|x64.Build.0 = Debug|Any CPU
		{B5997E74-0DA3-4AFF-AD9E-09D542AEF9C9}.Debug|x86.ActiveCfg = Debug|Any CPU
		{B5997E74-0DA3-4AFF-AD9E-09D542AEF9C9}.Debug|x86.Build.0 = Debug|Any CPU
		{B5997E74-0DA3-4AFF-AD9E-09D542AEF9C9}.Release|Any CPU.ActiveCfg = Release|Any CPU
		{B5997E74-0DA3-4AFF-AD9E-09D542AEF9C9}.Release|Any CPU.Build.0 = Release|Any CPU
		{B5997E74-0DA3-4AFF-AD9E-09D542AEF9C9}.Release|x64.ActiveCfg = Release|Any CPU
		{B5997E74-0DA3-4AFF-AD9E-09D542AEF9C9}.Release|x64.Build.0 = Release|Any CPU
		{B5997E74-0DA3-4AFF-AD9E-09D542AEF9C9}.Release|x86.ActiveCfg = Release|Any CPU
		{B5997E74-0DA3-4AFF-AD9E-09D542AEF9C9}.Release|x86.Build.0 = Release|Any CPU
		{C9906BA3-D9D1-470F-9B61-1388C906AAFF}.Debug|Any CPU.ActiveCfg = Debug|Any CPU
		{C9906BA3-D9D1-470F-9B61-1388C906AAFF}.Debug|Any CPU.Build.0 = Debug|Any CPU
		{C9906BA3-D9D1-470F-9B61-1388C906AAFF}.Debug|x64.ActiveCfg = Debug|Any CPU
		{C9906BA3-D9D1-470F-9B61-1388C906AAFF}.Debug|x64.Build.0 = Debug|Any CPU
		{C9906BA3-D9D1-470F-9B61-1388C906AAFF}.Debug|x86.ActiveCfg = Debug|Any CPU
		{C9906BA3-D9D1-470F-9B61-1388C906AAFF}.Debug|x86.Build.0 = Debug|Any CPU
		{C9906BA3-D9D1-470F-9B61-1388C906AAFF}.Release|Any CPU.ActiveCfg = Release|Any CPU
		{C9906BA3-D9D1-470F-9B61-1388C906AAFF}.Release|Any CPU.Build.0 = Release|Any CPU
		{C9906BA3-D9D1-470F-9B61-1388C906AAFF}.Release|x64.ActiveCfg = Release|Any CPU
		{C9906BA3-D9D1-470F-9B61-1388C906AAFF}.Release|x64.Build.0 = Release|Any CPU
		{C9906BA3-D9D1-470F-9B61-1388C906AAFF}.Release|x86.ActiveCfg = Release|Any CPU
		{C9906BA3-D9D1-470F-9B61-1388C906AAFF}.Release|x86.Build.0 = Release|Any CPU
		{CF4DBCEE-84F7-45FE-BDDC-03C12CAB21C9}.Debug|Any CPU.ActiveCfg = Debug|Any CPU
		{CF4DBCEE-84F7-45FE-BDDC-03C12CAB21C9}.Debug|Any CPU.Build.0 = Debug|Any CPU
		{CF4DBCEE-84F7-45FE-BDDC-03C12CAB21C9}.Debug|x64.ActiveCfg = Debug|Any CPU
		{CF4DBCEE-84F7-45FE-BDDC-03C12CAB21C9}.Debug|x64.Build.0 = Debug|Any CPU
		{CF4DBCEE-84F7-45FE-BDDC-03C12CAB21C9}.Debug|x86.ActiveCfg = Debug|Any CPU
		{CF4DBCEE-84F7-45FE-BDDC-03C12CAB21C9}.Debug|x86.Build.0 = Debug|Any CPU
		{CF4DBCEE-84F7-45FE-BDDC-03C12CAB21C9}.Release|Any CPU.ActiveCfg = Release|Any CPU
		{CF4DBCEE-84F7-45FE-BDDC-03C12CAB21C9}.Release|Any CPU.Build.0 = Release|Any CPU
		{CF4DBCEE-84F7-45FE-BDDC-03C12CAB21C9}.Release|x64.ActiveCfg = Release|Any CPU
		{CF4DBCEE-84F7-45FE-BDDC-03C12CAB21C9}.Release|x64.Build.0 = Release|Any CPU
		{CF4DBCEE-84F7-45FE-BDDC-03C12CAB21C9}.Release|x86.ActiveCfg = Release|Any CPU
		{CF4DBCEE-84F7-45FE-BDDC-03C12CAB21C9}.Release|x86.Build.0 = Release|Any CPU
		{16A9B274-8A1B-478A-A579-125B4625B38C}.Debug|Any CPU.ActiveCfg = Debug|Any CPU
		{16A9B274-8A1B-478A-A579-125B4625B38C}.Debug|Any CPU.Build.0 = Debug|Any CPU
		{16A9B274-8A1B-478A-A579-125B4625B38C}.Debug|x64.ActiveCfg = Debug|Any CPU
		{16A9B274-8A1B-478A-A579-125B4625B38C}.Debug|x64.Build.0 = Debug|Any CPU
		{16A9B274-8A1B-478A-A579-125B4625B38C}.Debug|x86.ActiveCfg = Debug|Any CPU
		{16A9B274-8A1B-478A-A579-125B4625B38C}.Debug|x86.Build.0 = Debug|Any CPU
		{16A9B274-8A1B-478A-A579-125B4625B38C}.Release|Any CPU.ActiveCfg = Release|Any CPU
		{16A9B274-8A1B-478A-A579-125B4625B38C}.Release|Any CPU.Build.0 = Release|Any CPU
		{16A9B274-8A1B-478A-A579-125B4625B38C}.Release|x64.ActiveCfg = Release|Any CPU
		{16A9B274-8A1B-478A-A579-125B4625B38C}.Release|x64.Build.0 = Release|Any CPU
		{16A9B274-8A1B-478A-A579-125B4625B38C}.Release|x86.ActiveCfg = Release|Any CPU
		{16A9B274-8A1B-478A-A579-125B4625B38C}.Release|x86.Build.0 = Release|Any CPU
		{D595B553-5BBC-4B4B-ADC6-FA198FC4DB3D}.Debug|Any CPU.ActiveCfg = Debug|Any CPU
		{D595B553-5BBC-4B4B-ADC6-FA198FC4DB3D}.Debug|Any CPU.Build.0 = Debug|Any CPU
		{D595B553-5BBC-4B4B-ADC6-FA198FC4DB3D}.Debug|x64.ActiveCfg = Debug|Any CPU
		{D595B553-5BBC-4B4B-ADC6-FA198FC4DB3D}.Debug|x64.Build.0 = Debug|Any CPU
		{D595B553-5BBC-4B4B-ADC6-FA198FC4DB3D}.Debug|x86.ActiveCfg = Debug|Any CPU
		{D595B553-5BBC-4B4B-ADC6-FA198FC4DB3D}.Debug|x86.Build.0 = Debug|Any CPU
		{D595B553-5BBC-4B4B-ADC6-FA198FC4DB3D}.Release|Any CPU.ActiveCfg = Release|Any CPU
		{D595B553-5BBC-4B4B-ADC6-FA198FC4DB3D}.Release|Any CPU.Build.0 = Release|Any CPU
		{D595B553-5BBC-4B4B-ADC6-FA198FC4DB3D}.Release|x64.ActiveCfg = Release|Any CPU
		{D595B553-5BBC-4B4B-ADC6-FA198FC4DB3D}.Release|x64.Build.0 = Release|Any CPU
		{D595B553-5BBC-4B4B-ADC6-FA198FC4DB3D}.Release|x86.ActiveCfg = Release|Any CPU
		{D595B553-5BBC-4B4B-ADC6-FA198FC4DB3D}.Release|x86.Build.0 = Release|Any CPU
		{4E5E312A-5E9B-4A9A-B886-6D62FD3E16E6}.Debug|Any CPU.ActiveCfg = Debug|Any CPU
		{4E5E312A-5E9B-4A9A-B886-6D62FD3E16E6}.Debug|Any CPU.Build.0 = Debug|Any CPU
		{4E5E312A-5E9B-4A9A-B886-6D62FD3E16E6}.Debug|x64.ActiveCfg = Debug|Any CPU
		{4E5E312A-5E9B-4A9A-B886-6D62FD3E16E6}.Debug|x64.Build.0 = Debug|Any CPU
		{4E5E312A-5E9B-4A9A-B886-6D62FD3E16E6}.Debug|x86.ActiveCfg = Debug|Any CPU
		{4E5E312A-5E9B-4A9A-B886-6D62FD3E16E6}.Debug|x86.Build.0 = Debug|Any CPU
		{4E5E312A-5E9B-4A9A-B886-6D62FD3E16E6}.Release|Any CPU.ActiveCfg = Release|Any CPU
		{4E5E312A-5E9B-4A9A-B886-6D62FD3E16E6}.Release|Any CPU.Build.0 = Release|Any CPU
		{4E5E312A-5E9B-4A9A-B886-6D62FD3E16E6}.Release|x64.ActiveCfg = Release|Any CPU
		{4E5E312A-5E9B-4A9A-B886-6D62FD3E16E6}.Release|x64.Build.0 = Release|Any CPU
		{4E5E312A-5E9B-4A9A-B886-6D62FD3E16E6}.Release|x86.ActiveCfg = Release|Any CPU
		{4E5E312A-5E9B-4A9A-B886-6D62FD3E16E6}.Release|x86.Build.0 = Release|Any CPU
		{8127D527-E897-41E2-9D32-0E88899D83D7}.Debug|Any CPU.ActiveCfg = Debug|Any CPU
		{8127D527-E897-41E2-9D32-0E88899D83D7}.Debug|Any CPU.Build.0 = Debug|Any CPU
		{8127D527-E897-41E2-9D32-0E88899D83D7}.Debug|x64.ActiveCfg = Debug|Any CPU
		{8127D527-E897-41E2-9D32-0E88899D83D7}.Debug|x64.Build.0 = Debug|Any CPU
		{8127D527-E897-41E2-9D32-0E88899D83D7}.Debug|x86.ActiveCfg = Debug|Any CPU
		{8127D527-E897-41E2-9D32-0E88899D83D7}.Debug|x86.Build.0 = Debug|Any CPU
		{8127D527-E897-41E2-9D32-0E88899D83D7}.Release|Any CPU.ActiveCfg = Release|Any CPU
		{8127D527-E897-41E2-9D32-0E88899D83D7}.Release|Any CPU.Build.0 = Release|Any CPU
		{8127D527-E897-41E2-9D32-0E88899D83D7}.Release|x64.ActiveCfg = Release|Any CPU
		{8127D527-E897-41E2-9D32-0E88899D83D7}.Release|x64.Build.0 = Release|Any CPU
		{8127D527-E897-41E2-9D32-0E88899D83D7}.Release|x86.ActiveCfg = Release|Any CPU
		{8127D527-E897-41E2-9D32-0E88899D83D7}.Release|x86.Build.0 = Release|Any CPU
		{8DE83035-8DFE-4F90-90FA-928DCBB55AD3}.Debug|Any CPU.ActiveCfg = Debug|Any CPU
		{8DE83035-8DFE-4F90-90FA-928DCBB55AD3}.Debug|Any CPU.Build.0 = Debug|Any CPU
		{8DE83035-8DFE-4F90-90FA-928DCBB55AD3}.Debug|x64.ActiveCfg = Debug|Any CPU
		{8DE83035-8DFE-4F90-90FA-928DCBB55AD3}.Debug|x64.Build.0 = Debug|Any CPU
		{8DE83035-8DFE-4F90-90FA-928DCBB55AD3}.Debug|x86.ActiveCfg = Debug|Any CPU
		{8DE83035-8DFE-4F90-90FA-928DCBB55AD3}.Debug|x86.Build.0 = Debug|Any CPU
		{8DE83035-8DFE-4F90-90FA-928DCBB55AD3}.Release|Any CPU.ActiveCfg = Release|Any CPU
		{8DE83035-8DFE-4F90-90FA-928DCBB55AD3}.Release|Any CPU.Build.0 = Release|Any CPU
		{8DE83035-8DFE-4F90-90FA-928DCBB55AD3}.Release|x64.ActiveCfg = Release|Any CPU
		{8DE83035-8DFE-4F90-90FA-928DCBB55AD3}.Release|x64.Build.0 = Release|Any CPU
		{8DE83035-8DFE-4F90-90FA-928DCBB55AD3}.Release|x86.ActiveCfg = Release|Any CPU
		{8DE83035-8DFE-4F90-90FA-928DCBB55AD3}.Release|x86.Build.0 = Release|Any CPU
		{75BAD71B-1DB3-4282-8E26-1A1D7069645A}.Debug|Any CPU.ActiveCfg = Debug|Any CPU
		{75BAD71B-1DB3-4282-8E26-1A1D7069645A}.Debug|Any CPU.Build.0 = Debug|Any CPU
		{75BAD71B-1DB3-4282-8E26-1A1D7069645A}.Debug|x64.ActiveCfg = Debug|Any CPU
		{75BAD71B-1DB3-4282-8E26-1A1D7069645A}.Debug|x64.Build.0 = Debug|Any CPU
		{75BAD71B-1DB3-4282-8E26-1A1D7069645A}.Debug|x86.ActiveCfg = Debug|Any CPU
		{75BAD71B-1DB3-4282-8E26-1A1D7069645A}.Debug|x86.Build.0 = Debug|Any CPU
		{75BAD71B-1DB3-4282-8E26-1A1D7069645A}.Release|Any CPU.ActiveCfg = Release|Any CPU
		{75BAD71B-1DB3-4282-8E26-1A1D7069645A}.Release|Any CPU.Build.0 = Release|Any CPU
		{75BAD71B-1DB3-4282-8E26-1A1D7069645A}.Release|x64.ActiveCfg = Release|Any CPU
		{75BAD71B-1DB3-4282-8E26-1A1D7069645A}.Release|x64.Build.0 = Release|Any CPU
		{75BAD71B-1DB3-4282-8E26-1A1D7069645A}.Release|x86.ActiveCfg = Release|Any CPU
		{75BAD71B-1DB3-4282-8E26-1A1D7069645A}.Release|x86.Build.0 = Release|Any CPU
		{E6FB9E7C-B672-4946-BFA6-B63732385DDA}.Debug|Any CPU.ActiveCfg = Debug|Any CPU
		{E6FB9E7C-B672-4946-BFA6-B63732385DDA}.Debug|Any CPU.Build.0 = Debug|Any CPU
		{E6FB9E7C-B672-4946-BFA6-B63732385DDA}.Debug|x64.ActiveCfg = Debug|Any CPU
		{E6FB9E7C-B672-4946-BFA6-B63732385DDA}.Debug|x64.Build.0 = Debug|Any CPU
		{E6FB9E7C-B672-4946-BFA6-B63732385DDA}.Debug|x86.ActiveCfg = Debug|Any CPU
		{E6FB9E7C-B672-4946-BFA6-B63732385DDA}.Debug|x86.Build.0 = Debug|Any CPU
		{E6FB9E7C-B672-4946-BFA6-B63732385DDA}.Release|Any CPU.ActiveCfg = Release|Any CPU
		{E6FB9E7C-B672-4946-BFA6-B63732385DDA}.Release|Any CPU.Build.0 = Release|Any CPU
		{E6FB9E7C-B672-4946-BFA6-B63732385DDA}.Release|x64.ActiveCfg = Release|Any CPU
		{E6FB9E7C-B672-4946-BFA6-B63732385DDA}.Release|x64.Build.0 = Release|Any CPU
		{E6FB9E7C-B672-4946-BFA6-B63732385DDA}.Release|x86.ActiveCfg = Release|Any CPU
		{E6FB9E7C-B672-4946-BFA6-B63732385DDA}.Release|x86.Build.0 = Release|Any CPU
		{A13531E1-1D3F-46F9-A9FA-F5BC981859DE}.Debug|Any CPU.ActiveCfg = Debug|Any CPU
		{A13531E1-1D3F-46F9-A9FA-F5BC981859DE}.Debug|Any CPU.Build.0 = Debug|Any CPU
		{A13531E1-1D3F-46F9-A9FA-F5BC981859DE}.Debug|x64.ActiveCfg = Debug|Any CPU
		{A13531E1-1D3F-46F9-A9FA-F5BC981859DE}.Debug|x64.Build.0 = Debug|Any CPU
		{A13531E1-1D3F-46F9-A9FA-F5BC981859DE}.Debug|x86.ActiveCfg = Debug|Any CPU
		{A13531E1-1D3F-46F9-A9FA-F5BC981859DE}.Debug|x86.Build.0 = Debug|Any CPU
		{A13531E1-1D3F-46F9-A9FA-F5BC981859DE}.Release|Any CPU.ActiveCfg = Release|Any CPU
		{A13531E1-1D3F-46F9-A9FA-F5BC981859DE}.Release|Any CPU.Build.0 = Release|Any CPU
		{A13531E1-1D3F-46F9-A9FA-F5BC981859DE}.Release|x64.ActiveCfg = Release|Any CPU
		{A13531E1-1D3F-46F9-A9FA-F5BC981859DE}.Release|x64.Build.0 = Release|Any CPU
		{A13531E1-1D3F-46F9-A9FA-F5BC981859DE}.Release|x86.ActiveCfg = Release|Any CPU
		{A13531E1-1D3F-46F9-A9FA-F5BC981859DE}.Release|x86.Build.0 = Release|Any CPU
	EndGlobalSection
	GlobalSection(SolutionProperties) = preSolution
		HideSolutionNode = FALSE
	EndGlobalSection
	GlobalSection(ExtensibilityGlobals) = postSolution
		SolutionGuid = {AD94141D-9FE6-49D9-ACBE-9EDE541B5344}
	EndGlobalSection
EndGlobal
